
Microsoft Visual Studio Solution File, Format Version 12.00
# Visual Studio Version 17
VisualStudioVersion = 17.0.31717.71
MinimumVisualStudioVersion = 10.0.40219.1
Project("{9A19103F-16F7-4668-BE54-9A1E7A4F7556}") = "SystemModule", "src\SystemModule\SystemModule.csproj", "{AC57E6B6-F9B1-474A-9823-DDADD343AA70}"
EndProject
Project("{FAE04EC0-301F-11D3-BF4B-00C04F79EFBC}") = "GameSvr", "src\GameSvr\GameSvr.csproj", "{2502C2C4-69F2-4614-97F8-631B8FC5AB37}"
EndProject
Global
	GlobalSection(SolutionConfigurationPlatforms) = preSolution
		Debug|Any CPU = Debug|Any CPU
		Release|Any CPU = Release|Any CPU
	EndGlobalSection
	GlobalSection(ProjectConfigurationPlatforms) = postSolution
		{AC57E6B6-F9B1-474A-9823-DDADD343AA70}.Debug|Any CPU.ActiveCfg = Debug|Any CPU
		{AC57E6B6-F9B1-474A-9823-DDADD343AA70}.Debug|Any CPU.Build.0 = Debug|Any CPU
		{AC57E6B6-F9B1-474A-9823-DDADD343AA70}.Release|Any CPU.ActiveCfg = Release|Any CPU
		{AC57E6B6-F9B1-474A-9823-DDADD343AA70}.Release|Any CPU.Build.0 = Release|Any CPU
		{2502C2C4-69F2-4614-97F8-631B8FC5AB37}.Debug|Any CPU.ActiveCfg = Debug|Any CPU
		{2502C2C4-69F2-4614-97F8-631B8FC5AB37}.Debug|Any CPU.Build.0 = Debug|Any CPU
		{2502C2C4-69F2-4614-97F8-631B8FC5AB37}.Release|Any CPU.ActiveCfg = Release|Any CPU
		{2502C2C4-69F2-4614-97F8-631B8FC5AB37}.Release|Any CPU.Build.0 = Release|Any CPU
	EndGlobalSection
	GlobalSection(SolutionProperties) = preSolution
		HideSolutionNode = FALSE
	EndGlobalSection
	GlobalSection(ExtensibilityGlobals) = postSolution
		SolutionGuid = {425FF5BB-3CA9-4756-A222-E1BBF4218F66}
	EndGlobalSection
EndGlobal
